
Microsoft Visual Studio Solution File, Format Version 12.00
# Visual Studio Version 16
VisualStudioVersion = 16.0.31605.320
MinimumVisualStudioVersion = 10.0.40219.1
Project("{9A19103F-16F7-4668-BE54-9A1E7A4F7556}") = "ContactAPI", "ContactAPI\ContactAPI.csproj", "{F67C2360-1473-4BBF-A790-EF36E21AA90C}"
EndProject
Project("{9A19103F-16F7-4668-BE54-9A1E7A4F7556}") = "ContactAPITest", "ContactAPITest\ContactAPITest.csproj", "{63855E3C-D796-41FC-AC2A-21DE18292BCA}"
EndProject
Global
	GlobalSection(SolutionConfigurationPlatforms) = preSolution
		Debug|Any CPU = Debug|Any CPU
		Release|Any CPU = Release|Any CPU
	EndGlobalSection
	GlobalSection(ProjectConfigurationPlatforms) = postSolution
		{F67C2360-1473-4BBF-A790-EF36E21AA90C}.Debug|Any CPU.ActiveCfg = Debug|Any CPU
		{F67C2360-1473-4BBF-A790-EF36E21AA90C}.Debug|Any CPU.Build.0 = Debug|Any CPU
		{F67C2360-1473-4BBF-A790-EF36E21AA90C}.Release|Any CPU.ActiveCfg = Release|Any CPU
		{F67C2360-1473-4BBF-A790-EF36E21AA90C}.Release|Any CPU.Build.0 = Release|Any CPU
		{63855E3C-D796-41FC-AC2A-21DE18292BCA}.Debug|Any CPU.ActiveCfg = Debug|Any CPU
		{63855E3C-D796-41FC-AC2A-21DE18292BCA}.Debug|Any CPU.Build.0 = Debug|Any CPU
		{63855E3C-D796-41FC-AC2A-21DE18292BCA}.Release|Any CPU.ActiveCfg = Release|Any CPU
		{63855E3C-D796-41FC-AC2A-21DE18292BCA}.Release|Any CPU.Build.0 = Release|Any CPU
	EndGlobalSection
	GlobalSection(SolutionProperties) = preSolution
		HideSolutionNode = FALSE
	EndGlobalSection
	GlobalSection(ExtensibilityGlobals) = postSolution
		SolutionGuid = {E187D9B9-860B-4E0F-AC36-EC02D6358E58}
	EndGlobalSection
EndGlobal
